
Microsoft Visual Studio Solution File, Format Version 12.00
# Visual Studio 15
VisualStudioVersion = 15.0.27703.2047
MinimumVisualStudioVersion = 10.0.40219.1
Project("{FAE04EC0-301F-11D3-BF4B-00C04F79EFBC}") = "Modelos", "Modelos\Modelos.csproj", "{7DA29ED9-BBB1-4114-9EAE-2A96445D1EE6}"
EndProject
Project("{FAE04EC0-301F-11D3-BF4B-00C04F79EFBC}") = "DAL", "DAL\DAL.csproj", "{80E9D244-8A94-4AEA-9A19-5C3817A1E0D4}"
EndProject
Project("{FAE04EC0-301F-11D3-BF4B-00C04F79EFBC}") = "BLL", "BLL\BLL.csproj", "{CA4C5399-A00A-42CD-917A-FEFC65498003}"
EndProject
Project("{FAE04EC0-301F-11D3-BF4B-00C04F79EFBC}") = "UIWindows", "UIWindows\UIWindows.csproj", "{EA593FB4-9325-4005-A903-18D408B9DC37}"
EndProject
Global
	GlobalSection(SolutionConfigurationPlatforms) = preSolution
		Debug|Any CPU = Debug|Any CPU
		Release|Any CPU = Release|Any CPU
	EndGlobalSection
	GlobalSection(ProjectConfigurationPlatforms) = postSolution
		{7DA29ED9-BBB1-4114-9EAE-2A96445D1EE6}.Debug|Any CPU.ActiveCfg = Debug|Any CPU
		{7DA29ED9-BBB1-4114-9EAE-2A96445D1EE6}.Debug|Any CPU.Build.0 = Debug|Any CPU
		{7DA29ED9-BBB1-4114-9EAE-2A96445D1EE6}.Release|Any CPU.ActiveCfg = Release|Any CPU
		{7DA29ED9-BBB1-4114-9EAE-2A96445D1EE6}.Release|Any CPU.Build.0 = Release|Any CPU
		{80E9D244-8A94-4AEA-9A19-5C3817A1E0D4}.Debug|Any CPU.ActiveCfg = Debug|Any CPU
		{80E9D244-8A94-4AEA-9A19-5C3817A1E0D4}.Debug|Any CPU.Build.0 = Debug|Any CPU
		{80E9D244-8A94-4AEA-9A19-5C3817A1E0D4}.Release|Any CPU.ActiveCfg = Release|Any CPU
		{80E9D244-8A94-4AEA-9A19-5C3817A1E0D4}.Release|Any CPU.Build.0 = Release|Any CPU
		{CA4C5399-A00A-42CD-917A-FEFC65498003}.Debug|Any CPU.ActiveCfg = Debug|Any CPU
		{CA4C5399-A00A-42CD-917A-FEFC65498003}.Debug|Any CPU.Build.0 = Debug|Any CPU
		{CA4C5399-A00A-42CD-917A-FEFC65498003}.Release|Any CPU.ActiveCfg = Release|Any CPU
		{CA4C5399-A00A-42CD-917A-FEFC65498003}.Release|Any CPU.Build.0 = Release|Any CPU
		{EA593FB4-9325-4005-A903-18D408B9DC37}.Debug|Any CPU.ActiveCfg = Debug|Any CPU
		{EA593FB4-9325-4005-A903-18D408B9DC37}.Debug|Any CPU.Build.0 = Debug|Any CPU
		{EA593FB4-9325-4005-A903-18D408B9DC37}.Release|Any CPU.ActiveCfg = Release|Any CPU
		{EA593FB4-9325-4005-A903-18D408B9DC37}.Release|Any CPU.Build.0 = Release|Any CPU
	EndGlobalSection
	GlobalSection(SolutionProperties) = preSolution
		HideSolutionNode = FALSE
	EndGlobalSection
	GlobalSection(ExtensibilityGlobals) = postSolution
		SolutionGuid = {D57F6305-9543-4219-ABDE-8A1704303B6C}
	EndGlobalSection
EndGlobal
